
Microsoft Visual Studio Solution File, Format Version 12.00
# Visual Studio Version 17
VisualStudioVersion = 17.6.33723.286
MinimumVisualStudioVersion = 10.0.40219.1
Project("{9A19103F-16F7-4668-BE54-9A1E7A4F7556}") = "DesafioFundamentos", "DesafioFundamentos.csproj", "{FE2C741D-8467-499C-823B-C0CF39865FAF}"
EndProject
Global
	GlobalSection(SolutionConfigurationPlatforms) = preSolution
		Debug|Any CPU = Debug|Any CPU
		Release|Any CPU = Release|Any CPU
	EndGlobalSection
	GlobalSection(ProjectConfigurationPlatforms) = postSolution
		{FE2C741D-8467-499C-823B-C0CF39865FAF}.Debug|Any CPU.ActiveCfg = Debug|Any CPU
		{FE2C741D-8467-499C-823B-C0CF39865FAF}.Debug|Any CPU.Build.0 = Debug|Any CPU
		{FE2C741D-8467-499C-823B-C0CF39865FAF}.Release|Any CPU.ActiveCfg = Release|Any CPU
		{FE2C741D-8467-499C-823B-C0CF39865FAF}.Release|Any CPU.Build.0 = Release|Any CPU
	EndGlobalSection
	GlobalSection(SolutionProperties) = preSolution
		HideSolutionNode = FALSE
	EndGlobalSection
	GlobalSection(ExtensibilityGlobals) = postSolution
		SolutionGuid = {F8E17B39-967B-45F9-AEC4-98A666F2AF81}
	EndGlobalSection
EndGlobal
